// !$*UTF8*$!
{
	archiveVersion = 1;
	classes = {
	};
	objectVersion = 50;
	objects = {

/* Begin PBXBuildFile section */
		66775923233646F50079BD3E /* AppDelegate.swift in Sources */ = {isa = PBXBuildFile; fileRef = 66775922233646F50079BD3E /* AppDelegate.swift */; };
		66775927233646F50079BD3E /* FeedViewController.swift in Sources */ = {isa = PBXBuildFile; fileRef = 66775926233646F50079BD3E /* FeedViewController.swift */; };
		6677592A233646F50079BD3E /* Main.storyboard in Resources */ = {isa = PBXBuildFile; fileRef = 66775928233646F50079BD3E /* Main.storyboard */; };
		6677592C233646F80079BD3E /* Assets.xcassets in Resources */ = {isa = PBXBuildFile; fileRef = 6677592B233646F80079BD3E /* Assets.xcassets */; };
		6677592F233646F80079BD3E /* LaunchScreen.storyboard in Resources */ = {isa = PBXBuildFile; fileRef = 6677592D233646F80079BD3E /* LaunchScreen.storyboard */; };
		66775939233648E10079BD3E /* FeedAdapter.swift in Sources */ = {isa = PBXBuildFile; fileRef = 66775938233648E10079BD3E /* FeedAdapter.swift */; };
		6677593B233653F50079BD3E /* NameTableViewController.swift in Sources */ = {isa = PBXBuildFile; fileRef = 6677593A233653F50079BD3E /* NameTableViewController.swift */; };
		66B633FA233665D900D16701 /* FeedDetailViewController.swift in Sources */ = {isa = PBXBuildFile; fileRef = 66B633F9233665D900D16701 /* FeedDetailViewController.swift */; };
		66B633FD233680C300D16701 /* DataManager.swift in Sources */ = {isa = PBXBuildFile; fileRef = 66B633FC233680C300D16701 /* DataManager.swift */; };
		66B633FF233681D000D16701 /* CloudDataSource.swift in Sources */ = {isa = PBXBuildFile; fileRef = 66B633FE233681D000D16701 /* CloudDataSource.swift */; };
		66B63401233681E900D16701 /* LocalDataSource.swift in Sources */ = {isa = PBXBuildFile; fileRef = 66B63400233681E900D16701 /* LocalDataSource.swift */; };
		66B6340323368C6D00D16701 /* DataParser.swift in Sources */ = {isa = PBXBuildFile; fileRef = 66B6340223368C6D00D16701 /* DataParser.swift */; };
		66B6340623368CC400D16701 /* Feed.swift in Sources */ = {isa = PBXBuildFile; fileRef = 66B6340523368CC400D16701 /* Feed.swift */; };
		66B6340823368D0E00D16701 /* DataSource.swift in Sources */ = {isa = PBXBuildFile; fileRef = 66B6340723368D0E00D16701 /* DataSource.swift */; };
		66B6340A2336938C00D16701 /* FeedTableViewCell.swift in Sources */ = {isa = PBXBuildFile; fileRef = 66B634092336938C00D16701 /* FeedTableViewCell.swift */; };
		870F07732337F9840012D08C /* InternetCheck.swift in Sources */ = {isa = PBXBuildFile; fileRef = 870F07722337F9840012D08C /* InternetCheck.swift */; };
/* End PBXBuildFile section */

/* Begin PBXFileReference section */
		6677591F233646F50079BD3E /* ReutersReader.app */ = {isa = PBXFileReference; explicitFileType = wrapper.application; includeInIndex = 0; path = ReutersReader.app; sourceTree = BUILT_PRODUCTS_DIR; };
		66775922233646F50079BD3E /* AppDelegate.swift */ = {isa = PBXFileReference; lastKnownFileType = sourcecode.swift; path = AppDelegate.swift; sourceTree = "<group>"; };
		66775926233646F50079BD3E /* FeedViewController.swift */ = {isa = PBXFileReference; lastKnownFileType = sourcecode.swift; path = FeedViewController.swift; sourceTree = "<group>"; };
		66775929233646F50079BD3E /* Base */ = {isa = PBXFileReference; lastKnownFileType = file.storyboard; name = Base; path = Base.lproj/Main.storyboard; sourceTree = "<group>"; };
		6677592B233646F80079BD3E /* Assets.xcassets */ = {isa = PBXFileReference; lastKnownFileType = folder.assetcatalog; path = Assets.xcassets; sourceTree = "<group>"; };
		6677592E233646F80079BD3E /* Base */ = {isa = PBXFileReference; lastKnownFileType = file.storyboard; name = Base; path = Base.lproj/LaunchScreen.storyboard; sourceTree = "<group>"; };
		66775930233646F80079BD3E /* Info.plist */ = {isa = PBXFileReference; lastKnownFileType = text.plist.xml; path = Info.plist; sourceTree = "<group>"; };
		66775938233648E10079BD3E /* FeedAdapter.swift */ = {isa = PBXFileReference; lastKnownFileType = sourcecode.swift; path = FeedAdapter.swift; sourceTree = "<group>"; };
		6677593A233653F50079BD3E /* NameTableViewController.swift */ = {isa = PBXFileReference; lastKnownFileType = sourcecode.swift; path = NameTableViewController.swift; sourceTree = "<group>"; };
		66B633F9233665D900D16701 /* FeedDetailViewController.swift */ = {isa = PBXFileReference; lastKnownFileType = sourcecode.swift; path = FeedDetailViewController.swift; sourceTree = "<group>"; };
		66B633FC233680C300D16701 /* DataManager.swift */ = {isa = PBXFileReference; lastKnownFileType = sourcecode.swift; name = DataManager.swift; path = "ReutersReader/Data Fetching/DataManager.swift"; sourceTree = SOURCE_ROOT; };
		66B633FE233681D000D16701 /* CloudDataSource.swift */ = {isa = PBXFileReference; lastKnownFileType = sourcecode.swift; name = CloudDataSource.swift; path = "ReutersReader/Data Fetching/CloudDataSource.swift"; sourceTree = SOURCE_ROOT; };
		66B63400233681E900D16701 /* LocalDataSource.swift */ = {isa = PBXFileReference; lastKnownFileType = sourcecode.swift; name = LocalDataSource.swift; path = "ReutersReader/Data Fetching/LocalDataSource.swift"; sourceTree = SOURCE_ROOT; };
		66B6340223368C6D00D16701 /* DataParser.swift */ = {isa = PBXFileReference; lastKnownFileType = sourcecode.swift; name = DataParser.swift; path = "ReutersReader/Data Fetching/DataParser.swift"; sourceTree = SOURCE_ROOT; };
		66B6340523368CC400D16701 /* Feed.swift */ = {isa = PBXFileReference; lastKnownFileType = sourcecode.swift; name = Feed.swift; path = "ReutersReader/Data Fetching/Models/Feed.swift"; sourceTree = SOURCE_ROOT; };
		66B6340723368D0E00D16701 /* DataSource.swift */ = {isa = PBXFileReference; lastKnownFileType = sourcecode.swift; name = DataSource.swift; path = "ReutersReader/Data Fetching/DataSource.swift"; sourceTree = SOURCE_ROOT; };
		66B634092336938C00D16701 /* FeedTableViewCell.swift */ = {isa = PBXFileReference; lastKnownFileType = sourcecode.swift; path = FeedTableViewCell.swift; sourceTree = "<group>"; };
		870F07722337F9840012D08C /* InternetCheck.swift */ = {isa = PBXFileReference; lastKnownFileType = sourcecode.swift; path = InternetCheck.swift; sourceTree = "<group>"; };
/* End PBXFileReference section */

/* Begin PBXFrameworksBuildPhase section */
		6677591C233646F50079BD3E /* Frameworks */ = {
			isa = PBXFrameworksBuildPhase;
			buildActionMask = 2147483647;
			files = (
			);
			runOnlyForDeploymentPostprocessing = 0;
		};
/* End PBXFrameworksBuildPhase section */

/* Begin PBXGroup section */
		66775916233646F50079BD3E = {
			isa = PBXGroup;
			children = (
				66775921233646F50079BD3E /* ReutersReader */,
				66775920233646F50079BD3E /* Products */,
			);
			sourceTree = "<group>";
		};
		66775920233646F50079BD3E /* Products */ = {
			isa = PBXGroup;
			children = (
				6677591F233646F50079BD3E /* ReutersReader.app */,
			);
			name = Products;
			sourceTree = "<group>";
		};
		66775921233646F50079BD3E /* ReutersReader */ = {
			isa = PBXGroup;
			children = (
				66775922233646F50079BD3E /* AppDelegate.swift */,
				6677593A233653F50079BD3E /* NameTableViewController.swift */,
				66B6340B2336964800D16701 /* FeedViewController */,
				66B633F9233665D900D16701 /* FeedDetailViewController.swift */,
				66B633FB2336809E00D16701 /* Data Fetching */,
				66775928233646F50079BD3E /* Main.storyboard */,
				6677592B233646F80079BD3E /* Assets.xcassets */,
				6677592D233646F80079BD3E /* LaunchScreen.storyboard */,
				66775930233646F80079BD3E /* Info.plist */,
			);
			path = ReutersReader;
			sourceTree = "<group>";
		};
		66B633FB2336809E00D16701 /* Data Fetching */ = {
			isa = PBXGroup;
			children = (
				66B6340423368CB700D16701 /* Models */,
				66B633FC233680C300D16701 /* DataManager.swift */,
				66B6340723368D0E00D16701 /* DataSource.swift */,
				66B633FE233681D000D16701 /* CloudDataSource.swift */,
				66B63400233681E900D16701 /* LocalDataSource.swift */,
				66B6340223368C6D00D16701 /* DataParser.swift */,
				870F07722337F9840012D08C /* InternetCheck.swift */,
			);
			path = "Data Fetching";
			sourceTree = "<group>";
		};
		66B6340423368CB700D16701 /* Models */ = {
			isa = PBXGroup;
			children = (
				66B6340523368CC400D16701 /* Feed.swift */,
			);
			path = Models;
			sourceTree = "<group>";
		};
		66B6340B2336964800D16701 /* FeedViewController */ = {
			isa = PBXGroup;
			children = (
				66775926233646F50079BD3E /* FeedViewController.swift */,
				66B634092336938C00D16701 /* FeedTableViewCell.swift */,
				66775938233648E10079BD3E /* FeedAdapter.swift */,
			);
			path = FeedViewController;
			sourceTree = "<group>";
		};
/* End PBXGroup section */

/* Begin PBXNativeTarget section */
		6677591E233646F50079BD3E /* ReutersReader */ = {
			isa = PBXNativeTarget;
			buildConfigurationList = 66775933233646F80079BD3E /* Build configuration list for PBXNativeTarget "ReutersReader" */;
			buildPhases = (
				6677591B233646F50079BD3E /* Sources */,
				6677591C233646F50079BD3E /* Frameworks */,
				6677591D233646F50079BD3E /* Resources */,
			);
			buildRules = (
			);
			dependencies = (
			);
			name = ReutersReader;
			productName = ReutersReader;
			productReference = 6677591F233646F50079BD3E /* ReutersReader.app */;
			productType = "com.apple.product-type.application";
		};
/* End PBXNativeTarget section */

/* Begin PBXProject section */
		66775917233646F50079BD3E /* Project object */ = {
			isa = PBXProject;
			attributes = {
				LastSwiftUpdateCheck = 1020;
				LastUpgradeCheck = 1020;
				ORGANIZATIONNAME = "Denis Zayakin";
				TargetAttributes = {
					6677591E233646F50079BD3E = {
						CreatedOnToolsVersion = 10.2.1;
					};
				};
			};
			buildConfigurationList = 6677591A233646F50079BD3E /* Build configuration list for PBXProject "ReutersReader" */;
			compatibilityVersion = "Xcode 9.3";
			developmentRegion = en;
			hasScannedForEncodings = 0;
			knownRegions = (
				en,
				Base,
			);
			mainGroup = 66775916233646F50079BD3E;
			productRefGroup = 66775920233646F50079BD3E /* Products */;
			projectDirPath = "";
			projectRoot = "";
			targets = (
				6677591E233646F50079BD3E /* ReutersReader */,
			);
		};
/* End PBXProject section */

/* Begin PBXResourcesBuildPhase section */
		6677591D233646F50079BD3E /* Resources */ = {
			isa = PBXResourcesBuildPhase;
			buildActionMask = 2147483647;
			files = (
				6677592F233646F80079BD3E /* LaunchScreen.storyboard in Resources */,
				6677592C233646F80079BD3E /* Assets.xcassets in Resources */,
				6677592A233646F50079BD3E /* Main.storyboard in Resources */,
			);
			runOnlyForDeploymentPostprocessing = 0;
		};
/* End PBXResourcesBuildPhase section */

/* Begin PBXSourcesBuildPhase section */
		6677591B233646F50079BD3E /* Sources */ = {
			isa = PBXSourcesBuildPhase;
			buildActionMask = 2147483647;
			files = (
				6677593B233653F50079BD3E /* NameTableViewController.swift in Sources */,
				66B6340A2336938C00D16701 /* FeedTableViewCell.swift in Sources */,
				66B633FD233680C300D16701 /* DataManager.swift in Sources */,
				66B6340323368C6D00D16701 /* DataParser.swift in Sources */,
				66B633FF233681D000D16701 /* CloudDataSource.swift in Sources */,
				66775927233646F50079BD3E /* FeedViewController.swift in Sources */,
				66B633FA233665D900D16701 /* FeedDetailViewController.swift in Sources */,
				66775939233648E10079BD3E /* FeedAdapter.swift in Sources */,
				66B63401233681E900D16701 /* LocalDataSource.swift in Sources */,
				66775923233646F50079BD3E /* AppDelegate.swift in Sources */,
				66B6340823368D0E00D16701 /* DataSource.swift in Sources */,
				66B6340623368CC400D16701 /* Feed.swift in Sources */,
				870F07732337F9840012D08C /* InternetCheck.swift in Sources */,
			);
			runOnlyForDeploymentPostprocessing = 0;
		};
/* End PBXSourcesBuildPhase section */

/* Begin PBXVariantGroup section */
		66775928233646F50079BD3E /* Main.storyboard */ = {
			isa = PBXVariantGroup;
			children = (
				66775929233646F50079BD3E /* Base */,
			);
			name = Main.storyboard;
			sourceTree = "<group>";
		};
		6677592D233646F80079BD3E /* LaunchScreen.storyboard */ = {
			isa = PBXVariantGroup;
			children = (
				6677592E233646F80079BD3E /* Base */,
			);
			name = LaunchScreen.storyboard;
			sourceTree = "<group>";
		};
/* End PBXVariantGroup section */

/* Begin XCBuildConfiguration section */
		66775931233646F80079BD3E /* Debug */ = {
			isa = XCBuildConfiguration;
			buildSettings = {
				ALWAYS_SEARCH_USER_PATHS = NO;
				CLANG_ANALYZER_NONNULL = YES;
				CLANG_ANALYZER_NUMBER_OBJECT_CONVERSION = YES_AGGRESSIVE;
				CLANG_CXX_LANGUAGE_STANDARD = "gnu++14";
				CLANG_CXX_LIBRARY = "libc++";
				CLANG_ENABLE_MODULES = YES;
				CLANG_ENABLE_OBJC_ARC = YES;
				CLANG_ENABLE_OBJC_WEAK = YES;
				CLANG_WARN_BLOCK_CAPTURE_AUTORELEASING = YES;
				CLANG_WARN_BOOL_CONVERSION = YES;
				CLANG_WARN_COMMA = YES;
				CLANG_WARN_CONSTANT_CONVERSION = YES;
				CLANG_WARN_DEPRECATED_OBJC_IMPLEMENTATIONS = YES;
				CLANG_WARN_DIRECT_OBJC_ISA_USAGE = YES_ERROR;
				CLANG_WARN_DOCUMENTATION_COMMENTS = YES;
				CLANG_WARN_EMPTY_BODY = YES;
				CLANG_WARN_ENUM_CONVERSION = YES;
				CLANG_WARN_INFINITE_RECURSION = YES;
				CLANG_WARN_INT_CONVERSION = YES;
				CLANG_WARN_NON_LITERAL_NULL_CONVERSION = YES;
				CLANG_WARN_OBJC_IMPLICIT_RETAIN_SELF = YES;
				CLANG_WARN_OBJC_LITERAL_CONVERSION = YES;
				CLANG_WARN_OBJC_ROOT_CLASS = YES_ERROR;
				CLANG_WARN_RANGE_LOOP_ANALYSIS = YES;
				CLANG_WARN_STRICT_PROTOTYPES = YES;
				CLANG_WARN_SUSPICIOUS_MOVE = YES;
				CLANG_WARN_UNGUARDED_AVAILABILITY = YES_AGGRESSIVE;
				CLANG_WARN_UNREACHABLE_CODE = YES;
				CLANG_WARN__DUPLICATE_METHOD_MATCH = YES;
				CODE_SIGN_IDENTITY = "iPhone Developer";
				COPY_PHASE_STRIP = NO;
				DEBUG_INFORMATION_FORMAT = dwarf;
				ENABLE_STRICT_OBJC_MSGSEND = YES;
				ENABLE_TESTABILITY = YES;
				GCC_C_LANGUAGE_STANDARD = gnu11;
				GCC_DYNAMIC_NO_PIC = NO;
				GCC_NO_COMMON_BLOCKS = YES;
				GCC_OPTIMIZATION_LEVEL = 0;
				GCC_PREPROCESSOR_DEFINITIONS = (
					"DEBUG=1",
					"$(inherited)",
				);
				GCC_WARN_64_TO_32_BIT_CONVERSION = YES;
				GCC_WARN_ABOUT_RETURN_TYPE = YES_ERROR;
				GCC_WARN_UNDECLARED_SELECTOR = YES;
				GCC_WARN_UNINITIALIZED_AUTOS = YES_AGGRESSIVE;
				GCC_WARN_UNUSED_FUNCTION = YES;
				GCC_WARN_UNUSED_VARIABLE = YES;
				IPHONEOS_DEPLOYMENT_TARGET = 12.2;
				MTL_ENABLE_DEBUG_INFO = INCLUDE_SOURCE;
				MTL_FAST_MATH = YES;
				ONLY_ACTIVE_ARCH = YES;
				SDKROOT = iphoneos;
				SWIFT_ACTIVE_COMPILATION_CONDITIONS = DEBUG;
				SWIFT_OPTIMIZATION_LEVEL = "-Onone";
			};
			name = Debug;
		};
		66775932233646F80079BD3E /* Release */ = {
			isa = XCBuildConfiguration;
			buildSettings = {
				ALWAYS_SEARCH_USER_PATHS = NO;
				CLANG_ANALYZER_NONNULL = YES;
				CLANG_ANALYZER_NUMBER_OBJECT_CONVERSION = YES_AGGRESSIVE;
				CLANG_CXX_LANGUAGE_STANDARD = "gnu++14";
				CLANG_CXX_LIBRARY = "libc++";
				CLANG_ENABLE_MODULES = YES;
				CLANG_ENABLE_OBJC_ARC = YES;
				CLANG_ENABLE_OBJC_WEAK = YES;
				CLANG_WARN_BLOCK_CAPTURE_AUTORELEASING = YES;
				CLANG_WARN_BOOL_CONVERSION = YES;
				CLANG_WARN_COMMA = YES;
				CLANG_WARN_CONSTANT_CONVERSION = YES;
				CLANG_WARN_DEPRECATED_OBJC_IMPLEMENTATIONS = YES;
				CLANG_WARN_DIRECT_OBJC_ISA_USAGE = YES_ERROR;
				CLANG_WARN_DOCUMENTATION_COMMENTS = YES;
				CLANG_WARN_EMPTY_BODY = YES;
				CLANG_WARN_ENUM_CONVERSION = YES;
				CLANG_WARN_INFINITE_RECURSION = YES;
				CLANG_WARN_INT_CONVERSION = YES;
				CLANG_WARN_NON_LITERAL_NULL_CONVERSION = YES;
				CLANG_WARN_OBJC_IMPLICIT_RETAIN_SELF = YES;
				CLANG_WARN_OBJC_LITERAL_CONVERSION = YES;
				CLANG_WARN_OBJC_ROOT_CLASS = YES_ERROR;
				CLANG_WARN_RANGE_LOOP_ANALYSIS = YES;
				CLANG_WARN_STRICT_PROTOTYPES = YES;
				CLANG_WARN_SUSPICIOUS_MOVE = YES;
				CLANG_WARN_UNGUARDED_AVAILABILITY = YES_AGGRESSIVE;
				CLANG_WARN_UNREACHABLE_CODE = YES;
				CLANG_WARN__DUPLICATE_METHOD_MATCH = YES;
				CODE_SIGN_IDENTITY = "iPhone Developer";
				COPY_PHASE_STRIP = NO;
				DEBUG_INFORMATION_FORMAT = "dwarf-with-dsym";
				ENABLE_NS_ASSERTIONS = NO;
				ENABLE_STRICT_OBJC_MSGSEND = YES;
				GCC_C_LANGUAGE_STANDARD = gnu11;
				GCC_NO_COMMON_BLOCKS = YES;
				GCC_WARN_64_TO_32_BIT_CONVERSION = YES;
				GCC_WARN_ABOUT_RETURN_TYPE = YES_ERROR;
				GCC_WARN_UNDECLARED_SELECTOR = YES;
				GCC_WARN_UNINITIALIZED_AUTOS = YES_AGGRESSIVE;
				GCC_WARN_UNUSED_FUNCTION = YES;
				GCC_WARN_UNUSED_VARIABLE = YES;
				IPHONEOS_DEPLOYMENT_TARGET = 12.2;
				MTL_ENABLE_DEBUG_INFO = NO;
				MTL_FAST_MATH = YES;
				SDKROOT = iphoneos;
				SWIFT_COMPILATION_MODE = wholemodule;
				SWIFT_OPTIMIZATION_LEVEL = "-O";
				VALIDATE_PRODUCT = YES;
			};
			name = Release;
		};
		66775934233646F80079BD3E /* Debug */ = {
			isa = XCBuildConfiguration;
			buildSettings = {
				ASSETCATALOG_COMPILER_APPICON_NAME = AppIcon;
				CODE_SIGN_STYLE = Automatic;
				DEVELOPMENT_TEAM = 4SZLS5SJ8N;
				INFOPLIST_FILE = ReutersReader/Info.plist;
				IPHONEOS_DEPLOYMENT_TARGET = 11.0;
				LD_RUNPATH_SEARCH_PATHS = (
					"$(inherited)",
					"@executable_path/Frameworks",
				);
				PRODUCT_BUNDLE_IDENTIFIER = idkek.ReutersReader;
				PRODUCT_NAME = "$(TARGET_NAME)";
				SWIFT_VERSION = 4.2;
				TARGETED_DEVICE_FAMILY = "1,2";
			};
			name = Debug;
		};
		66775935233646F80079BD3E /* Release */ = {
			isa = XCBuildConfiguration;
			buildSettings = {
				ASSETCATALOG_COMPILER_APPICON_NAME = AppIcon;
				CODE_SIGN_STYLE = Automatic;
				DEVELOPMENT_TEAM = 4SZLS5SJ8N;
				INFOPLIST_FILE = ReutersReader/Info.plist;
				IPHONEOS_DEPLOYMENT_TARGET = 11.0;
				LD_RUNPATH_SEARCH_PATHS = (
					"$(inherited)",
					"@executable_path/Frameworks",
				);
				PRODUCT_BUNDLE_IDENTIFIER = idkek.ReutersReader;
				PRODUCT_NAME = "$(TARGET_NAME)";
				SWIFT_VERSION = 4.2;
				TARGETED_DEVICE_FAMILY = "1,2";
			};
			name = Release;
		};
/* End XCBuildConfiguration section */

/* Begin XCConfigurationList section */
		6677591A233646F50079BD3E /* Build configuration list for PBXProject "ReutersReader" */ = {
			isa = XCConfigurationList;
			buildConfigurations = (
				66775931233646F80079BD3E /* Debug */,
				66775932233646F80079BD3E /* Release */,
			);
			defaultConfigurationIsVisible = 0;
			defaultConfigurationName = Release;
		};
		66775933233646F80079BD3E /* Build configuration list for PBXNativeTarget "ReutersReader" */ = {
			isa = XCConfigurationList;
			buildConfigurations = (
				66775934233646F80079BD3E /* Debug */,
				66775935233646F80079BD3E /* Release */,
			);
			defaultConfigurationIsVisible = 0;
			defaultConfigurationName = Release;
		};
/* End XCConfigurationList section */
	};
	rootObject = 66775917233646F50079BD3E /* Project object */;
}
